
Microsoft Visual Studio Solution File, Format Version 12.00
# Visual Studio Version 17
VisualStudioVersion = 17.9.34607.119
MinimumVisualStudioVersion = 10.0.40219.1
Project("{FAE04EC0-301F-11D3-BF4B-00C04F79EFBC}") = "TpFinalNivel3_Arteaga_Ponssa_Lucas", "TpFinalNivel3_Arteaga_Ponssa_Lucas\TpFinalNivel3_Arteaga_Ponssa_Lucas.csproj", "{188E8A59-CE91-4756-A435-7C8B3B1523DC}"
EndProject
Project("{FAE04EC0-301F-11D3-BF4B-00C04F79EFBC}") = "dominio", "dominio\dominio.csproj", "{9B7ED315-D661-4552-ABE7-5478AA6FC31B}"
EndProject
Project("{FAE04EC0-301F-11D3-BF4B-00C04F79EFBC}") = "negocio", "negocio\negocio.csproj", "{A32BCF97-3923-4D80-B0D3-84D11E7FC336}"
EndProject
Global
	GlobalSection(SolutionConfigurationPlatforms) = preSolution
		Debug|Any CPU = Debug|Any CPU
		Release|Any CPU = Release|Any CPU
	EndGlobalSection
	GlobalSection(ProjectConfigurationPlatforms) = postSolution
		{188E8A59-CE91-4756-A435-7C8B3B1523DC}.Debug|Any CPU.ActiveCfg = Debug|Any CPU
		{188E8A59-CE91-4756-A435-7C8B3B1523DC}.Debug|Any CPU.Build.0 = Debug|Any CPU
		{188E8A59-CE91-4756-A435-7C8B3B1523DC}.Release|Any CPU.ActiveCfg = Release|Any CPU
		{188E8A59-CE91-4756-A435-7C8B3B1523DC}.Release|Any CPU.Build.0 = Release|Any CPU
		{9B7ED315-D661-4552-ABE7-5478AA6FC31B}.Debug|Any CPU.ActiveCfg = Debug|Any CPU
		{9B7ED315-D661-4552-ABE7-5478AA6FC31B}.Debug|Any CPU.Build.0 = Debug|Any CPU
		{9B7ED315-D661-4552-ABE7-5478AA6FC31B}.Release|Any CPU.ActiveCfg = Release|Any CPU
		{9B7ED315-D661-4552-ABE7-5478AA6FC31B}.Release|Any CPU.Build.0 = Release|Any CPU
		{A32BCF97-3923-4D80-B0D3-84D11E7FC336}.Debug|Any CPU.ActiveCfg = Debug|Any CPU
		{A32BCF97-3923-4D80-B0D3-84D11E7FC336}.Debug|Any CPU.Build.0 = Debug|Any CPU
		{A32BCF97-3923-4D80-B0D3-84D11E7FC336}.Release|Any CPU.ActiveCfg = Release|Any CPU
		{A32BCF97-3923-4D80-B0D3-84D11E7FC336}.Release|Any CPU.Build.0 = Release|Any CPU
	EndGlobalSection
	GlobalSection(SolutionProperties) = preSolution
		HideSolutionNode = FALSE
	EndGlobalSection
	GlobalSection(ExtensibilityGlobals) = postSolution
		SolutionGuid = {A54B1A49-8AA2-434E-8418-E1DF59CB96BC}
	EndGlobalSection
EndGlobal
